
Microsoft Visual Studio Solution File, Format Version 12.00
# Visual Studio Version 16
VisualStudioVersion = 16.0.30320.27
MinimumVisualStudioVersion = 10.0.40219.1
Project("{FAE04EC0-301F-11D3-BF4B-00C04F79EFBC}") = "Exercicio3", "Exercicio3\Exercicio3.csproj", "{181F126E-F407-4294-B477-85DF3BECA79A}"
EndProject
Global
	GlobalSection(SolutionConfigurationPlatforms) = preSolution
		Debug|Any CPU = Debug|Any CPU
		Release|Any CPU = Release|Any CPU
	EndGlobalSection
	GlobalSection(ProjectConfigurationPlatforms) = postSolution
		{181F126E-F407-4294-B477-85DF3BECA79A}.Debug|Any CPU.ActiveCfg = Debug|Any CPU
		{181F126E-F407-4294-B477-85DF3BECA79A}.Debug|Any CPU.Build.0 = Debug|Any CPU
		{181F126E-F407-4294-B477-85DF3BECA79A}.Release|Any CPU.ActiveCfg = Release|Any CPU
		{181F126E-F407-4294-B477-85DF3BECA79A}.Release|Any CPU.Build.0 = Release|Any CPU
	EndGlobalSection
	GlobalSection(SolutionProperties) = preSolution
		HideSolutionNode = FALSE
	EndGlobalSection
	GlobalSection(ExtensibilityGlobals) = postSolution
		SolutionGuid = {2F56A48E-007E-4F57-A34B-B3E051831736}
	EndGlobalSection
EndGlobal
